
Microsoft Visual Studio Solution File, Format Version 12.00
# Visual Studio 14
VisualStudioVersion = 14.0.25420.1
MinimumVisualStudioVersion = 10.0.40219.1
Project("{FAE04EC0-301F-11D3-BF4B-00C04F79EFBC}") = "Delegate", "Delegate\Delegate.csproj", "{4D51A6BA-B70E-46EB-B455-26C7D821CBD8}"
EndProject
Project("{FAE04EC0-301F-11D3-BF4B-00C04F79EFBC}") = "FuncAndActionDelegates", "FuncAndActionDelegates\FuncAndActionDelegates.csproj", "{B680055C-9AF9-4ADD-95A6-E6B1CC601142}"
EndProject
Project("{FAE04EC0-301F-11D3-BF4B-00C04F79EFBC}") = "Events", "Events\Events.csproj", "{7EA2F3B2-8A6D-4FC2-BC87-41AD22F3BC8C}"
EndProject
Project("{FAE04EC0-301F-11D3-BF4B-00C04F79EFBC}") = "LINQ", "LINQ\LINQ.csproj", "{44F44F71-2D60-4760-9704-67A5D0CA245D}"
EndProject
Global
	GlobalSection(SolutionConfigurationPlatforms) = preSolution
		Debug|Any CPU = Debug|Any CPU
		Release|Any CPU = Release|Any CPU
	EndGlobalSection
	GlobalSection(ProjectConfigurationPlatforms) = postSolution
		{4D51A6BA-B70E-46EB-B455-26C7D821CBD8}.Debug|Any CPU.ActiveCfg = Debug|Any CPU
		{4D51A6BA-B70E-46EB-B455-26C7D821CBD8}.Debug|Any CPU.Build.0 = Debug|Any CPU
		{4D51A6BA-B70E-46EB-B455-26C7D821CBD8}.Release|Any CPU.ActiveCfg = Release|Any CPU
		{4D51A6BA-B70E-46EB-B455-26C7D821CBD8}.Release|Any CPU.Build.0 = Release|Any CPU
		{B680055C-9AF9-4ADD-95A6-E6B1CC601142}.Debug|Any CPU.ActiveCfg = Debug|Any CPU
		{B680055C-9AF9-4ADD-95A6-E6B1CC601142}.Debug|Any CPU.Build.0 = Debug|Any CPU
		{B680055C-9AF9-4ADD-95A6-E6B1CC601142}.Release|Any CPU.ActiveCfg = Release|Any CPU
		{B680055C-9AF9-4ADD-95A6-E6B1CC601142}.Release|Any CPU.Build.0 = Release|Any CPU
		{7EA2F3B2-8A6D-4FC2-BC87-41AD22F3BC8C}.Debug|Any CPU.ActiveCfg = Debug|Any CPU
		{7EA2F3B2-8A6D-4FC2-BC87-41AD22F3BC8C}.Debug|Any CPU.Build.0 = Debug|Any CPU
		{7EA2F3B2-8A6D-4FC2-BC87-41AD22F3BC8C}.Release|Any CPU.ActiveCfg = Release|Any CPU
		{7EA2F3B2-8A6D-4FC2-BC87-41AD22F3BC8C}.Release|Any CPU.Build.0 = Release|Any CPU
		{44F44F71-2D60-4760-9704-67A5D0CA245D}.Debug|Any CPU.ActiveCfg = Debug|Any CPU
		{44F44F71-2D60-4760-9704-67A5D0CA245D}.Debug|Any CPU.Build.0 = Debug|Any CPU
		{44F44F71-2D60-4760-9704-67A5D0CA245D}.Release|Any CPU.ActiveCfg = Release|Any CPU
		{44F44F71-2D60-4760-9704-67A5D0CA245D}.Release|Any CPU.Build.0 = Release|Any CPU
	EndGlobalSection
	GlobalSection(SolutionProperties) = preSolution
		HideSolutionNode = FALSE
	EndGlobalSection
EndGlobal
